// !$*UTF8*$!
{
	archiveVersion = 1;
	classes = {
	};
	objectVersion = 46;
	objects = {

/* Begin PBXBuildFile section */
		ADBC8F9118A64D92009B8FB5 /* rule.cpp in Sources */ = {isa = PBXBuildFile; fileRef = ADBC8F9018A64D92009B8FB5 /* rule.cpp */; };
		ADBE909018A47D2200AAA3BF /* main.cpp in Sources */ = {isa = PBXBuildFile; fileRef = ADBE908F18A47D2200AAA3BF /* main.cpp */; };
		ADBE909218A47D2200AAA3BF /* Transport.1 in CopyFiles */ = {isa = PBXBuildFile; fileRef = ADBE909118A47D2200AAA3BF /* Transport.1 */; };
		ADBE909A18A47D6700AAA3BF /* car.cpp in Sources */ = {isa = PBXBuildFile; fileRef = ADBE909818A47D6700AAA3BF /* car.cpp */; };
		ADBE90A118A48B2300AAA3BF /* road.cpp in Sources */ = {isa = PBXBuildFile; fileRef = ADBE909F18A48B2300AAA3BF /* road.cpp */; };
/* End PBXBuildFile section */

/* Begin PBXCopyFilesBuildPhase section */
		ADBE908A18A47D2200AAA3BF /* CopyFiles */ = {
			isa = PBXCopyFilesBuildPhase;
			buildActionMask = 2147483647;
			dstPath = /usr/share/man/man1/;
			dstSubfolderSpec = 0;
			files = (
				ADBE909218A47D2200AAA3BF /* Transport.1 in CopyFiles */,
			);
			runOnlyForDeploymentPostprocessing = 1;
		};
/* End PBXCopyFilesBuildPhase section */

/* Begin PBXFileReference section */
		AD906DAF18A4D7D600FDABAF /* constants.h */ = {isa = PBXFileReference; fileEncoding = 4; lastKnownFileType = sourcecode.c.h; path = constants.h; sourceTree = "<group>"; };
		ADBC8F9018A64D92009B8FB5 /* rule.cpp */ = {isa = PBXFileReference; fileEncoding = 4; lastKnownFileType = sourcecode.cpp.cpp; path = rule.cpp; sourceTree = "<group>"; };
		ADBE908C18A47D2200AAA3BF /* Transport */ = {isa = PBXFileReference; explicitFileType = "compiled.mach-o.executable"; includeInIndex = 0; path = Transport; sourceTree = BUILT_PRODUCTS_DIR; };
		ADBE908F18A47D2200AAA3BF /* main.cpp */ = {isa = PBXFileReference; lastKnownFileType = sourcecode.cpp.cpp; path = main.cpp; sourceTree = "<group>"; };
		ADBE909118A47D2200AAA3BF /* Transport.1 */ = {isa = PBXFileReference; lastKnownFileType = text.man; path = Transport.1; sourceTree = "<group>"; };
		ADBE909818A47D6700AAA3BF /* car.cpp */ = {isa = PBXFileReference; fileEncoding = 4; lastKnownFileType = sourcecode.cpp.cpp; path = car.cpp; sourceTree = "<group>"; };
		ADBE909918A47D6700AAA3BF /* car.h */ = {isa = PBXFileReference; fileEncoding = 4; lastKnownFileType = sourcecode.c.h; path = car.h; sourceTree = "<group>"; };
		ADBE909C18A4836E00AAA3BF /* rule.h */ = {isa = PBXFileReference; fileEncoding = 4; lastKnownFileType = sourcecode.c.h; path = rule.h; sourceTree = "<group>"; };
		ADBE909F18A48B2300AAA3BF /* road.cpp */ = {isa = PBXFileReference; fileEncoding = 4; lastKnownFileType = sourcecode.cpp.cpp; path = road.cpp; sourceTree = "<group>"; };
		ADBE90A018A48B2300AAA3BF /* road.h */ = {isa = PBXFileReference; fileEncoding = 4; lastKnownFileType = sourcecode.c.h; path = road.h; sourceTree = "<group>"; };
		ADBE90A218A4BB2E00AAA3BF /* Rules.1 Passing Cars */ = {isa = PBXFileReference; lastKnownFileType = text; path = "Rules.1 Passing Cars"; sourceTree = "<group>"; };
/* End PBXFileReference section */

/* Begin PBXFrameworksBuildPhase section */
		ADBE908918A47D2200AAA3BF /* Frameworks */ = {
			isa = PBXFrameworksBuildPhase;
			buildActionMask = 2147483647;
			files = (
			);
			runOnlyForDeploymentPostprocessing = 0;
		};
/* End PBXFrameworksBuildPhase section */

/* Begin PBXGroup section */
		ADBE908318A47D2200AAA3BF = {
			isa = PBXGroup;
			children = (
				ADBE908E18A47D2200AAA3BF /* Transport */,
				ADBE908D18A47D2200AAA3BF /* Products */,
			);
			sourceTree = "<group>";
		};
		ADBE908D18A47D2200AAA3BF /* Products */ = {
			isa = PBXGroup;
			children = (
				ADBE908C18A47D2200AAA3BF /* Transport */,
			);
			name = Products;
			sourceTree = "<group>";
		};
		ADBE908E18A47D2200AAA3BF /* Transport */ = {
			isa = PBXGroup;
			children = (
				ADBE90A218A4BB2E00AAA3BF /* Rules.1 Passing Cars */,
				ADBE908F18A47D2200AAA3BF /* main.cpp */,
				ADBE909818A47D6700AAA3BF /* car.cpp */,
				ADBE909C18A4836E00AAA3BF /* rule.h */,
				ADBC8F9018A64D92009B8FB5 /* rule.cpp */,
				AD906DAF18A4D7D600FDABAF /* constants.h */,
				ADBE909F18A48B2300AAA3BF /* road.cpp */,
				ADBE90A018A48B2300AAA3BF /* road.h */,
				ADBE909918A47D6700AAA3BF /* car.h */,
				ADBE909118A47D2200AAA3BF /* Transport.1 */,
			);
			path = Transport;
			sourceTree = "<group>";
		};
/* End PBXGroup section */

/* Begin PBXNativeTarget section */
		ADBE908B18A47D2200AAA3BF /* Transport */ = {
			isa = PBXNativeTarget;
			buildConfigurationList = ADBE909518A47D2200AAA3BF /* Build configuration list for PBXNativeTarget "Transport" */;
			buildPhases = (
				ADBE908818A47D2200AAA3BF /* Sources */,
				ADBE908918A47D2200AAA3BF /* Frameworks */,
				ADBE908A18A47D2200AAA3BF /* CopyFiles */,
			);
			buildRules = (
			);
			dependencies = (
			);
			name = Transport;
			productName = Transport;
			productReference = ADBE908C18A47D2200AAA3BF /* Transport */;
			productType = "com.apple.product-type.tool";
		};
/* End PBXNativeTarget section */

/* Begin PBXProject section */
		ADBE908418A47D2200AAA3BF /* Project object */ = {
			isa = PBXProject;
			attributes = {
				LastUpgradeCheck = 0500;
				ORGANIZATIONNAME = "Huang Zen";
			};
			buildConfigurationList = ADBE908718A47D2200AAA3BF /* Build configuration list for PBXProject "Transport" */;
			compatibilityVersion = "Xcode 3.2";
			developmentRegion = English;
			hasScannedForEncodings = 0;
			knownRegions = (
				en,
			);
			mainGroup = ADBE908318A47D2200AAA3BF;
			productRefGroup = ADBE908D18A47D2200AAA3BF /* Products */;
			projectDirPath = "";
			projectRoot = "";
			targets = (
				ADBE908B18A47D2200AAA3BF /* Transport */,
			);
		};
/* End PBXProject section */

/* Begin PBXSourcesBuildPhase section */
		ADBE908818A47D2200AAA3BF /* Sources */ = {
			isa = PBXSourcesBuildPhase;
			buildActionMask = 2147483647;
			files = (
				ADBE909A18A47D6700AAA3BF /* car.cpp in Sources */,
				ADBC8F9118A64D92009B8FB5 /* rule.cpp in Sources */,
				ADBE909018A47D2200AAA3BF /* main.cpp in Sources */,
				ADBE90A118A48B2300AAA3BF /* road.cpp in Sources */,
			);
			runOnlyForDeploymentPostprocessing = 0;
		};
/* End PBXSourcesBuildPhase section */

/* Begin XCBuildConfiguration section */
		ADBE909318A47D2200AAA3BF /* Debug */ = {
			isa = XCBuildConfiguration;
			buildSettings = {
				ALWAYS_SEARCH_USER_PATHS = NO;
				CLANG_CXX_LANGUAGE_STANDARD = "gnu++0x";
				CLANG_CXX_LIBRARY = "libc++";
				CLANG_ENABLE_OBJC_ARC = YES;
				CLANG_WARN_BOOL_CONVERSION = YES;
				CLANG_WARN_CONSTANT_CONVERSION = YES;
				CLANG_WARN_DIRECT_OBJC_ISA_USAGE = YES_ERROR;
				CLANG_WARN_EMPTY_BODY = YES;
				CLANG_WARN_ENUM_CONVERSION = YES;
				CLANG_WARN_INT_CONVERSION = YES;
				CLANG_WARN_OBJC_ROOT_CLASS = YES_ERROR;
				CLANG_WARN__DUPLICATE_METHOD_MATCH = YES;
				COPY_PHASE_STRIP = NO;
				GCC_C_LANGUAGE_STANDARD = gnu99;
				GCC_DYNAMIC_NO_PIC = NO;
				GCC_ENABLE_OBJC_EXCEPTIONS = YES;
				GCC_OPTIMIZATION_LEVEL = 0;
				GCC_PREPROCESSOR_DEFINITIONS = (
					"DEBUG=1",
					"$(inherited)",
				);
				GCC_SYMBOLS_PRIVATE_EXTERN = NO;
				GCC_WARN_64_TO_32_BIT_CONVERSION = YES;
				GCC_WARN_ABOUT_RETURN_TYPE = YES_ERROR;
				GCC_WARN_UNDECLARED_SELECTOR = YES;
				GCC_WARN_UNINITIALIZED_AUTOS = YES;
				GCC_WARN_UNUSED_FUNCTION = YES;
				GCC_WARN_UNUSED_VARIABLE = YES;
				MACOSX_DEPLOYMENT_TARGET = 10.9;
				ONLY_ACTIVE_ARCH = YES;
				SDKROOT = macosx;
			};
			name = Debug;
		};
		ADBE909418A47D2200AAA3BF /* Release */ = {
			isa = XCBuildConfiguration;
			buildSettings = {
				ALWAYS_SEARCH_USER_PATHS = NO;
				CLANG_CXX_LANGUAGE_STANDARD = "gnu++0x";
				CLANG_CXX_LIBRARY = "libc++";
				CLANG_ENABLE_OBJC_ARC = YES;
				CLANG_WARN_BOOL_CONVERSION = YES;
				CLANG_WARN_CONSTANT_CONVERSION = YES;
				CLANG_WARN_DIRECT_OBJC_ISA_USAGE = YES_ERROR;
				CLANG_WARN_EMPTY_BODY = YES;
				CLANG_WARN_ENUM_CONVERSION = YES;
				CLANG_WARN_INT_CONVERSION = YES;
				CLANG_WARN_OBJC_ROOT_CLASS = YES_ERROR;
				CLANG_WARN__DUPLICATE_METHOD_MATCH = YES;
				COPY_PHASE_STRIP = YES;
				DEBUG_INFORMATION_FORMAT = "dwarf-with-dsym";
				ENABLE_NS_ASSERTIONS = NO;
				GCC_C_LANGUAGE_STANDARD = gnu99;
				GCC_ENABLE_OBJC_EXCEPTIONS = YES;
				GCC_WARN_64_TO_32_BIT_CONVERSION = YES;
				GCC_WARN_ABOUT_RETURN_TYPE = YES_ERROR;
				GCC_WARN_UNDECLARED_SELECTOR = YES;
				GCC_WARN_UNINITIALIZED_AUTOS = YES;
				GCC_WARN_UNUSED_FUNCTION = YES;
				GCC_WARN_UNUSED_VARIABLE = YES;
				MACOSX_DEPLOYMENT_TARGET = 10.9;
				SDKROOT = macosx;
			};
			name = Release;
		};
		ADBE909618A47D2200AAA3BF /* Debug */ = {
			isa = XCBuildConfiguration;
			buildSettings = {
				PRODUCT_NAME = "$(TARGET_NAME)";
			};
			name = Debug;
		};
		ADBE909718A47D2200AAA3BF /* Release */ = {
			isa = XCBuildConfiguration;
			buildSettings = {
				PRODUCT_NAME = "$(TARGET_NAME)";
			};
			name = Release;
		};
/* End XCBuildConfiguration section */

/* Begin XCConfigurationList section */
		ADBE908718A47D2200AAA3BF /* Build configuration list for PBXProject "Transport" */ = {
			isa = XCConfigurationList;
			buildConfigurations = (
				ADBE909318A47D2200AAA3BF /* Debug */,
				ADBE909418A47D2200AAA3BF /* Release */,
			);
			defaultConfigurationIsVisible = 0;
			defaultConfigurationName = Release;
		};
		ADBE909518A47D2200AAA3BF /* Build configuration list for PBXNativeTarget "Transport" */ = {
			isa = XCConfigurationList;
			buildConfigurations = (
				ADBE909618A47D2200AAA3BF /* Debug */,
				ADBE909718A47D2200AAA3BF /* Release */,
			);
			defaultConfigurationIsVisible = 0;
			defaultConfigurationName = Release;
		};
/* End XCConfigurationList section */
	};
	rootObject = ADBE908418A47D2200AAA3BF /* Project object */;
}
